
Microsoft Visual Studio Solution File, Format Version 12.00
# Visual Studio 14
VisualStudioVersion = 14.0.25420.1
MinimumVisualStudioVersion = 10.0.40219.1
Project("{FAE04EC0-301F-11D3-BF4B-00C04F79EFBC}") = "WebApiTestToDo", "WebApiTestToDo\WebApiTestToDo.csproj", "{E09C2766-D173-447B-8701-4AFD3B29D4E3}"
EndProject
Project("{FAE04EC0-301F-11D3-BF4B-00C04F79EFBC}") = "WebApiTestToDoTests", "WebApiTestToDoTests\WebApiTestToDoTests.csproj", "{17DC8AFF-33CC-4FA8-AC70-B4552B616205}"
EndProject
Project("{FAE04EC0-301F-11D3-BF4B-00C04F79EFBC}") = "BookaHotel", "BookaHotel\BookaHotel.csproj", "{7BCDF20A-0CC4-4AD3-AA37-00F7EB16F257}"
EndProject
Global
	GlobalSection(SolutionConfigurationPlatforms) = preSolution
		Debug|Any CPU = Debug|Any CPU
		Release|Any CPU = Release|Any CPU
	EndGlobalSection
	GlobalSection(ProjectConfigurationPlatforms) = postSolution
		{E09C2766-D173-447B-8701-4AFD3B29D4E3}.Debug|Any CPU.ActiveCfg = Debug|Any CPU
		{E09C2766-D173-447B-8701-4AFD3B29D4E3}.Debug|Any CPU.Build.0 = Debug|Any CPU
		{E09C2766-D173-447B-8701-4AFD3B29D4E3}.Release|Any CPU.ActiveCfg = Release|Any CPU
		{E09C2766-D173-447B-8701-4AFD3B29D4E3}.Release|Any CPU.Build.0 = Release|Any CPU
		{17DC8AFF-33CC-4FA8-AC70-B4552B616205}.Debug|Any CPU.ActiveCfg = Debug|Any CPU
		{17DC8AFF-33CC-4FA8-AC70-B4552B616205}.Debug|Any CPU.Build.0 = Debug|Any CPU
		{17DC8AFF-33CC-4FA8-AC70-B4552B616205}.Release|Any CPU.ActiveCfg = Release|Any CPU
		{17DC8AFF-33CC-4FA8-AC70-B4552B616205}.Release|Any CPU.Build.0 = Release|Any CPU
		{7BCDF20A-0CC4-4AD3-AA37-00F7EB16F257}.Debug|Any CPU.ActiveCfg = Debug|Any CPU
		{7BCDF20A-0CC4-4AD3-AA37-00F7EB16F257}.Debug|Any CPU.Build.0 = Debug|Any CPU
		{7BCDF20A-0CC4-4AD3-AA37-00F7EB16F257}.Release|Any CPU.ActiveCfg = Release|Any CPU
		{7BCDF20A-0CC4-4AD3-AA37-00F7EB16F257}.Release|Any CPU.Build.0 = Release|Any CPU
	EndGlobalSection
	GlobalSection(SolutionProperties) = preSolution
		HideSolutionNode = FALSE
	EndGlobalSection
EndGlobal
